{
  "projects": [
    {
      "projectId": "4te94uv1ZiZhiFJqxxGPia",
      "version": "0.0.3",
      "dependencies": {},
      "lang": "ts",
      "fileLocks": [
        {
          "type": "globalVariant",
          "assetId": "65Ac2K8VSkF0u",
          "checksum": "83d45c114d65689abef976f5b1eb32f1"
        },
        {
          "assetId": "4te94uv1ZiZhiFJqxxGPia",
          "type": "projectCss",
          "checksum": "f1c8cd94a007687cf42c0ec2b8e8ff1d"
        },
        {
          "type": "renderModule",
          "assetId": "uReK7o7kww",
          "checksum": "7b1c40c28ce20572e13284b1a9b3dfa4"
        },
        {
          "type": "cssRules",
          "assetId": "uReK7o7kww",
          "checksum": "7b1c40c28ce20572e13284b1a9b3dfa4"
        }
      ],
      "codegenVersion": "0.0.1"
    }
  ],
  "cliVersion": "0.1.252"
}
